
Microsoft Visual Studio Solution File, Format Version 12.00
# Visual Studio Version 17
VisualStudioVersion = 17.0.32002.185
MinimumVisualStudioVersion = 10.0.40219.1
Project("{FAE04EC0-301F-11D3-BF4B-00C04F79EFBC}") = "PropTimeSpan", "PropTimeSpan.csproj", "{AD304EBB-7232-4D80-9ACE-F5B20D93CD49}"
EndProject
Global
	GlobalSection(SolutionConfigurationPlatforms) = preSolution
		Debug|Any CPU = Debug|Any CPU
		Release|Any CPU = Release|Any CPU
	EndGlobalSection
	GlobalSection(ProjectConfigurationPlatforms) = postSolution
		{AD304EBB-7232-4D80-9ACE-F5B20D93CD49}.Debug|Any CPU.ActiveCfg = Debug|Any CPU
		{AD304EBB-7232-4D80-9ACE-F5B20D93CD49}.Debug|Any CPU.Build.0 = Debug|Any CPU
		{AD304EBB-7232-4D80-9ACE-F5B20D93CD49}.Release|Any CPU.ActiveCfg = Release|Any CPU
		{AD304EBB-7232-4D80-9ACE-F5B20D93CD49}.Release|Any CPU.Build.0 = Release|Any CPU
	EndGlobalSection
	GlobalSection(SolutionProperties) = preSolution
		HideSolutionNode = FALSE
	EndGlobalSection
	GlobalSection(ExtensibilityGlobals) = postSolution
		SolutionGuid = {A7DBA2E7-F257-48B3-86D2-3F96E43E4D46}
	EndGlobalSection
EndGlobal
